
Microsoft Visual Studio Solution File, Format Version 12.00
# Visual Studio 15
VisualStudioVersion = 15.0.27428.2027
MinimumVisualStudioVersion = 10.0.40219.1
Project("{FAE04EC0-301F-11D3-BF4B-00C04F79EFBC}") = "CodeFirstEF", "CodeFirstEF\CodeFirstEF.csproj", "{10290276-8A8C-4AF8-84F7-1C50A30AACBD}"
EndProject
Global
	GlobalSection(SolutionConfigurationPlatforms) = preSolution
		Debug|Any CPU = Debug|Any CPU
		Release|Any CPU = Release|Any CPU
	EndGlobalSection
	GlobalSection(ProjectConfigurationPlatforms) = postSolution
		{10290276-8A8C-4AF8-84F7-1C50A30AACBD}.Debug|Any CPU.ActiveCfg = Debug|Any CPU
		{10290276-8A8C-4AF8-84F7-1C50A30AACBD}.Debug|Any CPU.Build.0 = Debug|Any CPU
		{10290276-8A8C-4AF8-84F7-1C50A30AACBD}.Release|Any CPU.ActiveCfg = Release|Any CPU
		{10290276-8A8C-4AF8-84F7-1C50A30AACBD}.Release|Any CPU.Build.0 = Release|Any CPU
	EndGlobalSection
	GlobalSection(SolutionProperties) = preSolution
		HideSolutionNode = FALSE
	EndGlobalSection
	GlobalSection(ExtensibilityGlobals) = postSolution
		SolutionGuid = {4C38F4A3-A3EF-49D2-89BE-DD279850F447}
	EndGlobalSection
EndGlobal
